
Microsoft Visual Studio Solution File, Format Version 12.00
# Visual Studio Version 17
VisualStudioVersion = 17.5.33530.505
MinimumVisualStudioVersion = 10.0.40219.1
Project("{9A19103F-16F7-4668-BE54-9A1E7A4F7556}") = "StickerEditor.API", "StickerEditor.API\StickerEditor.API.csproj", "{3D7A5287-9A27-4855-B182-B09D61CD3690}"
EndProject
Project("{FAE04EC0-301F-11D3-BF4B-00C04F79EFBC}") = "StickerEditor.ClientApp", "StickerEditor.ClientApp\StickerEditor.ClientApp.csproj", "{F678A049-BEFA-42C8-9EB0-F3784DF81D8B}"
EndProject
Global
	GlobalSection(SolutionConfigurationPlatforms) = preSolution
		Debug|Any CPU = Debug|Any CPU
		Release|Any CPU = Release|Any CPU
	EndGlobalSection
	GlobalSection(ProjectConfigurationPlatforms) = postSolution
		{3D7A5287-9A27-4855-B182-B09D61CD3690}.Debug|Any CPU.ActiveCfg = Debug|Any CPU
		{3D7A5287-9A27-4855-B182-B09D61CD3690}.Debug|Any CPU.Build.0 = Debug|Any CPU
		{3D7A5287-9A27-4855-B182-B09D61CD3690}.Release|Any CPU.ActiveCfg = Release|Any CPU
		{3D7A5287-9A27-4855-B182-B09D61CD3690}.Release|Any CPU.Build.0 = Release|Any CPU
		{F678A049-BEFA-42C8-9EB0-F3784DF81D8B}.Debug|Any CPU.ActiveCfg = Debug|Any CPU
		{F678A049-BEFA-42C8-9EB0-F3784DF81D8B}.Debug|Any CPU.Build.0 = Debug|Any CPU
		{F678A049-BEFA-42C8-9EB0-F3784DF81D8B}.Release|Any CPU.ActiveCfg = Release|Any CPU
		{F678A049-BEFA-42C8-9EB0-F3784DF81D8B}.Release|Any CPU.Build.0 = Release|Any CPU
	EndGlobalSection
	GlobalSection(SolutionProperties) = preSolution
		HideSolutionNode = FALSE
	EndGlobalSection
	GlobalSection(ExtensibilityGlobals) = postSolution
		SolutionGuid = {A6524698-6601-450C-B571-9B1C30D2B733}
	EndGlobalSection
EndGlobal
